
Microsoft Visual Studio Solution File, Format Version 12.00
# Visual Studio Version 17
VisualStudioVersion = 17.0.32112.339
MinimumVisualStudioVersion = 10.0.40219.1
Project("{FAE04EC0-301F-11D3-BF4B-00C04F79EFBC}") = "TreeDopka", "TreeDopka\TreeDopka.csproj", "{0990FE48-7C79-41AB-A618-C9E88A5231DA}"
EndProject
Global
	GlobalSection(SolutionConfigurationPlatforms) = preSolution
		Debug|Any CPU = Debug|Any CPU
		Release|Any CPU = Release|Any CPU
	EndGlobalSection
	GlobalSection(ProjectConfigurationPlatforms) = postSolution
		{0990FE48-7C79-41AB-A618-C9E88A5231DA}.Debug|Any CPU.ActiveCfg = Debug|Any CPU
		{0990FE48-7C79-41AB-A618-C9E88A5231DA}.Debug|Any CPU.Build.0 = Debug|Any CPU
		{0990FE48-7C79-41AB-A618-C9E88A5231DA}.Release|Any CPU.ActiveCfg = Release|Any CPU
		{0990FE48-7C79-41AB-A618-C9E88A5231DA}.Release|Any CPU.Build.0 = Release|Any CPU
	EndGlobalSection
	GlobalSection(SolutionProperties) = preSolution
		HideSolutionNode = FALSE
	EndGlobalSection
	GlobalSection(ExtensibilityGlobals) = postSolution
		SolutionGuid = {554C031E-4B5E-4D6C-9741-038C63EBA119}
	EndGlobalSection
EndGlobal
